
Microsoft Visual Studio Solution File, Format Version 12.00
# Visual Studio Version 17
VisualStudioVersion = 17.14.36327.8 d17.14
MinimumVisualStudioVersion = 10.0.40219.1
Project("{FAE04EC0-301F-11D3-BF4B-00C04F79EFBC}") = "MeLink.Web", "MeLink.Web\MeLink.Web.csproj", "{192349D8-A53E-4D61-8CDF-A2591C86FBEF}"
EndProject
Global
	GlobalSection(SolutionConfigurationPlatforms) = preSolution
		Debug|Any CPU = Debug|Any CPU
		Release|Any CPU = Release|Any CPU
	EndGlobalSection
	GlobalSection(ProjectConfigurationPlatforms) = postSolution
		{192349D8-A53E-4D61-8CDF-A2591C86FBEF}.Debug|Any CPU.ActiveCfg = Debug|Any CPU
		{192349D8-A53E-4D61-8CDF-A2591C86FBEF}.Debug|Any CPU.Build.0 = Debug|Any CPU
		{192349D8-A53E-4D61-8CDF-A2591C86FBEF}.Release|Any CPU.ActiveCfg = Release|Any CPU
		{192349D8-A53E-4D61-8CDF-A2591C86FBEF}.Release|Any CPU.Build.0 = Release|Any CPU
	EndGlobalSection
	GlobalSection(SolutionProperties) = preSolution
		HideSolutionNode = FALSE
	EndGlobalSection
	GlobalSection(ExtensibilityGlobals) = postSolution
		SolutionGuid = {65C1418B-965D-419D-9617-58988C0DA405}
	EndGlobalSection
EndGlobal
